
Microsoft Visual Studio Solution File, Format Version 12.00
# Visual Studio Version 17
VisualStudioVersion = 17.0.31919.166
MinimumVisualStudioVersion = 10.0.40219.1
Project("{FAE04EC0-301F-11D3-BF4B-00C04F79EFBC}") = "Pokedex", "Pokedex\Pokedex.csproj", "{44E7737D-F3C4-4B66-A408-3F1E7D6CC090}"
EndProject
Project("{9A19103F-16F7-4668-BE54-9A1E7A4F7556}") = "Pokedex.Model", "Pokedex.Model\Pokedex.Model.csproj", "{7DACDF82-B513-4A8A-9C74-98068048E256}"
EndProject
Project("{2150E333-8FDC-42A3-9474-1A3956D46DE8}") = "test", "test", "{06E72511-7963-4120-9F0D-D702387C4EC1}"
EndProject
Project("{2150E333-8FDC-42A3-9474-1A3956D46DE8}") = "src", "src", "{351FAD9A-68D3-4335-8565-311027AC7186}"
EndProject
Project("{FAE04EC0-301F-11D3-BF4B-00C04F79EFBC}") = "Pokedex.Tests", "Pokedex.Tests\Pokedex.Tests.csproj", "{6CE1FA55-F126-4CA0-B6C3-D83204D7FA34}"
EndProject
Project("{FAE04EC0-301F-11D3-BF4B-00C04F79EFBC}") = "Pokedex.ConsoleApp", "Pokedex.ConsoleApp\Pokedex.ConsoleApp.csproj", "{50B589AC-0D5B-4304-93AB-43BC9DAF62BA}"
EndProject
Global
	GlobalSection(SolutionConfigurationPlatforms) = preSolution
		Debug|Any CPU = Debug|Any CPU
		Debug|ARM = Debug|ARM
		Debug|ARM64 = Debug|ARM64
		Debug|x64 = Debug|x64
		Debug|x86 = Debug|x86
		Release|Any CPU = Release|Any CPU
		Release|ARM = Release|ARM
		Release|ARM64 = Release|ARM64
		Release|x64 = Release|x64
		Release|x86 = Release|x86
	EndGlobalSection
	GlobalSection(ProjectConfigurationPlatforms) = postSolution
		{44E7737D-F3C4-4B66-A408-3F1E7D6CC090}.Debug|Any CPU.ActiveCfg = Debug|x86
		{44E7737D-F3C4-4B66-A408-3F1E7D6CC090}.Debug|ARM.ActiveCfg = Debug|ARM
		{44E7737D-F3C4-4B66-A408-3F1E7D6CC090}.Debug|ARM.Build.0 = Debug|ARM
		{44E7737D-F3C4-4B66-A408-3F1E7D6CC090}.Debug|ARM.Deploy.0 = Debug|ARM
		{44E7737D-F3C4-4B66-A408-3F1E7D6CC090}.Debug|ARM64.ActiveCfg = Debug|ARM64
		{44E7737D-F3C4-4B66-A408-3F1E7D6CC090}.Debug|ARM64.Build.0 = Debug|ARM64
		{44E7737D-F3C4-4B66-A408-3F1E7D6CC090}.Debug|ARM64.Deploy.0 = Debug|ARM64
		{44E7737D-F3C4-4B66-A408-3F1E7D6CC090}.Debug|x64.ActiveCfg = Debug|x64
		{44E7737D-F3C4-4B66-A408-3F1E7D6CC090}.Debug|x64.Build.0 = Debug|x64
		{44E7737D-F3C4-4B66-A408-3F1E7D6CC090}.Debug|x64.Deploy.0 = Debug|x64
		{44E7737D-F3C4-4B66-A408-3F1E7D6CC090}.Debug|x86.ActiveCfg = Debug|x86
		{44E7737D-F3C4-4B66-A408-3F1E7D6CC090}.Debug|x86.Build.0 = Debug|x86
		{44E7737D-F3C4-4B66-A408-3F1E7D6CC090}.Debug|x86.Deploy.0 = Debug|x86
		{44E7737D-F3C4-4B66-A408-3F1E7D6CC090}.Release|Any CPU.ActiveCfg = Release|x86
		{44E7737D-F3C4-4B66-A408-3F1E7D6CC090}.Release|ARM.ActiveCfg = Release|ARM
		{44E7737D-F3C4-4B66-A408-3F1E7D6CC090}.Release|ARM.Build.0 = Release|ARM
		{44E7737D-F3C4-4B66-A408-3F1E7D6CC090}.Release|ARM.Deploy.0 = Release|ARM
		{44E7737D-F3C4-4B66-A408-3F1E7D6CC090}.Release|ARM64.ActiveCfg = Release|ARM64
		{44E7737D-F3C4-4B66-A408-3F1E7D6CC090}.Release|ARM64.Build.0 = Release|ARM64
		{44E7737D-F3C4-4B66-A408-3F1E7D6CC090}.Release|ARM64.Deploy.0 = Release|ARM64
		{44E7737D-F3C4-4B66-A408-3F1E7D6CC090}.Release|x64.ActiveCfg = Release|x64
		{44E7737D-F3C4-4B66-A408-3F1E7D6CC090}.Release|x64.Build.0 = Release|x64
		{44E7737D-F3C4-4B66-A408-3F1E7D6CC090}.Release|x64.Deploy.0 = Release|x64
		{44E7737D-F3C4-4B66-A408-3F1E7D6CC090}.Release|x86.ActiveCfg = Release|x86
		{44E7737D-F3C4-4B66-A408-3F1E7D6CC090}.Release|x86.Build.0 = Release|x86
		{44E7737D-F3C4-4B66-A408-3F1E7D6CC090}.Release|x86.Deploy.0 = Release|x86
		{7DACDF82-B513-4A8A-9C74-98068048E256}.Debug|Any CPU.ActiveCfg = Debug|Any CPU
		{7DACDF82-B513-4A8A-9C74-98068048E256}.Debug|Any CPU.Build.0 = Debug|Any CPU
		{7DACDF82-B513-4A8A-9C74-98068048E256}.Debug|ARM.ActiveCfg = Debug|Any CPU
		{7DACDF82-B513-4A8A-9C74-98068048E256}.Debug|ARM.Build.0 = Debug|Any CPU
		{7DACDF82-B513-4A8A-9C74-98068048E256}.Debug|ARM64.ActiveCfg = Debug|Any CPU
		{7DACDF82-B513-4A8A-9C74-98068048E256}.Debug|ARM64.Build.0 = Debug|Any CPU
		{7DACDF82-B513-4A8A-9C74-98068048E256}.Debug|x64.ActiveCfg = Debug|Any CPU
		{7DACDF82-B513-4A8A-9C74-98068048E256}.Debug|x64.Build.0 = Debug|Any CPU
		{7DACDF82-B513-4A8A-9C74-98068048E256}.Debug|x86.ActiveCfg = Debug|Any CPU
		{7DACDF82-B513-4A8A-9C74-98068048E256}.Debug|x86.Build.0 = Debug|Any CPU
		{7DACDF82-B513-4A8A-9C74-98068048E256}.Release|Any CPU.ActiveCfg = Release|Any CPU
		{7DACDF82-B513-4A8A-9C74-98068048E256}.Release|Any CPU.Build.0 = Release|Any CPU
		{7DACDF82-B513-4A8A-9C74-98068048E256}.Release|ARM.ActiveCfg = Release|Any CPU
		{7DACDF82-B513-4A8A-9C74-98068048E256}.Release|ARM.Build.0 = Release|Any CPU
		{7DACDF82-B513-4A8A-9C74-98068048E256}.Release|ARM64.ActiveCfg = Release|Any CPU
		{7DACDF82-B513-4A8A-9C74-98068048E256}.Release|ARM64.Build.0 = Release|Any CPU
		{7DACDF82-B513-4A8A-9C74-98068048E256}.Release|x64.ActiveCfg = Release|Any CPU
		{7DACDF82-B513-4A8A-9C74-98068048E256}.Release|x64.Build.0 = Release|Any CPU
		{7DACDF82-B513-4A8A-9C74-98068048E256}.Release|x86.ActiveCfg = Release|Any CPU
		{7DACDF82-B513-4A8A-9C74-98068048E256}.Release|x86.Build.0 = Release|Any CPU
		{6CE1FA55-F126-4CA0-B6C3-D83204D7FA34}.Debug|Any CPU.ActiveCfg = Debug|Any CPU
		{6CE1FA55-F126-4CA0-B6C3-D83204D7FA34}.Debug|Any CPU.Build.0 = Debug|Any CPU
		{6CE1FA55-F126-4CA0-B6C3-D83204D7FA34}.Debug|ARM.ActiveCfg = Debug|Any CPU
		{6CE1FA55-F126-4CA0-B6C3-D83204D7FA34}.Debug|ARM.Build.0 = Debug|Any CPU
		{6CE1FA55-F126-4CA0-B6C3-D83204D7FA34}.Debug|ARM64.ActiveCfg = Debug|Any CPU
		{6CE1FA55-F126-4CA0-B6C3-D83204D7FA34}.Debug|ARM64.Build.0 = Debug|Any CPU
		{6CE1FA55-F126-4CA0-B6C3-D83204D7FA34}.Debug|x64.ActiveCfg = Debug|Any CPU
		{6CE1FA55-F126-4CA0-B6C3-D83204D7FA34}.Debug|x64.Build.0 = Debug|Any CPU
		{6CE1FA55-F126-4CA0-B6C3-D83204D7FA34}.Debug|x86.ActiveCfg = Debug|Any CPU
		{6CE1FA55-F126-4CA0-B6C3-D83204D7FA34}.Debug|x86.Build.0 = Debug|Any CPU
		{6CE1FA55-F126-4CA0-B6C3-D83204D7FA34}.Release|Any CPU.ActiveCfg = Release|Any CPU
		{6CE1FA55-F126-4CA0-B6C3-D83204D7FA34}.Release|Any CPU.Build.0 = Release|Any CPU
		{6CE1FA55-F126-4CA0-B6C3-D83204D7FA34}.Release|ARM.ActiveCfg = Release|Any CPU
		{6CE1FA55-F126-4CA0-B6C3-D83204D7FA34}.Release|ARM.Build.0 = Release|Any CPU
		{6CE1FA55-F126-4CA0-B6C3-D83204D7FA34}.Release|ARM64.ActiveCfg = Release|Any CPU
		{6CE1FA55-F126-4CA0-B6C3-D83204D7FA34}.Release|ARM64.Build.0 = Release|Any CPU
		{6CE1FA55-F126-4CA0-B6C3-D83204D7FA34}.Release|x64.ActiveCfg = Release|Any CPU
		{6CE1FA55-F126-4CA0-B6C3-D83204D7FA34}.Release|x64.Build.0 = Release|Any CPU
		{6CE1FA55-F126-4CA0-B6C3-D83204D7FA34}.Release|x86.ActiveCfg = Release|Any CPU
		{6CE1FA55-F126-4CA0-B6C3-D83204D7FA34}.Release|x86.Build.0 = Release|Any CPU
		{50B589AC-0D5B-4304-93AB-43BC9DAF62BA}.Debug|Any CPU.ActiveCfg = Debug|Any CPU
		{50B589AC-0D5B-4304-93AB-43BC9DAF62BA}.Debug|Any CPU.Build.0 = Debug|Any CPU
		{50B589AC-0D5B-4304-93AB-43BC9DAF62BA}.Debug|ARM.ActiveCfg = Debug|Any CPU
		{50B589AC-0D5B-4304-93AB-43BC9DAF62BA}.Debug|ARM.Build.0 = Debug|Any CPU
		{50B589AC-0D5B-4304-93AB-43BC9DAF62BA}.Debug|ARM64.ActiveCfg = Debug|Any CPU
		{50B589AC-0D5B-4304-93AB-43BC9DAF62BA}.Debug|ARM64.Build.0 = Debug|Any CPU
		{50B589AC-0D5B-4304-93AB-43BC9DAF62BA}.Debug|x64.ActiveCfg = Debug|Any CPU
		{50B589AC-0D5B-4304-93AB-43BC9DAF62BA}.Debug|x64.Build.0 = Debug|Any CPU
		{50B589AC-0D5B-4304-93AB-43BC9DAF62BA}.Debug|x86.ActiveCfg = Debug|Any CPU
		{50B589AC-0D5B-4304-93AB-43BC9DAF62BA}.Debug|x86.Build.0 = Debug|Any CPU
		{50B589AC-0D5B-4304-93AB-43BC9DAF62BA}.Release|Any CPU.ActiveCfg = Release|Any CPU
		{50B589AC-0D5B-4304-93AB-43BC9DAF62BA}.Release|Any CPU.Build.0 = Release|Any CPU
		{50B589AC-0D5B-4304-93AB-43BC9DAF62BA}.Release|ARM.ActiveCfg = Release|Any CPU
		{50B589AC-0D5B-4304-93AB-43BC9DAF62BA}.Release|ARM.Build.0 = Release|Any CPU
		{50B589AC-0D5B-4304-93AB-43BC9DAF62BA}.Release|ARM64.ActiveCfg = Release|Any CPU
		{50B589AC-0D5B-4304-93AB-43BC9DAF62BA}.Release|ARM64.Build.0 = Release|Any CPU
		{50B589AC-0D5B-4304-93AB-43BC9DAF62BA}.Release|x64.ActiveCfg = Release|Any CPU
		{50B589AC-0D5B-4304-93AB-43BC9DAF62BA}.Release|x64.Build.0 = Release|Any CPU
		{50B589AC-0D5B-4304-93AB-43BC9DAF62BA}.Release|x86.ActiveCfg = Release|Any CPU
		{50B589AC-0D5B-4304-93AB-43BC9DAF62BA}.Release|x86.Build.0 = Release|Any CPU
	EndGlobalSection
	GlobalSection(SolutionProperties) = preSolution
		HideSolutionNode = FALSE
	EndGlobalSection
	GlobalSection(NestedProjects) = preSolution
		{44E7737D-F3C4-4B66-A408-3F1E7D6CC090} = {351FAD9A-68D3-4335-8565-311027AC7186}
		{7DACDF82-B513-4A8A-9C74-98068048E256} = {351FAD9A-68D3-4335-8565-311027AC7186}
		{6CE1FA55-F126-4CA0-B6C3-D83204D7FA34} = {06E72511-7963-4120-9F0D-D702387C4EC1}
		{50B589AC-0D5B-4304-93AB-43BC9DAF62BA} = {06E72511-7963-4120-9F0D-D702387C4EC1}
	EndGlobalSection
	GlobalSection(ExtensibilityGlobals) = postSolution
		SolutionGuid = {BC2557D4-0D12-49F3-A0DD-B2E68552F026}
	EndGlobalSection
EndGlobal
